// !$*UTF8*$!
{
	archiveVersion = 1;
	classes = {
	};
	objectVersion = 46;
	objects = {

/* Begin PBXBuildFile section */
		1403E38C1CB80710007B9EB4 /* AppDelegate.swift in Sources */ = {isa = PBXBuildFile; fileRef = 1403E38B1CB80710007B9EB4 /* AppDelegate.swift */; };
		1403E38E1CB80710007B9EB4 /* ViewController.swift in Sources */ = {isa = PBXBuildFile; fileRef = 1403E38D1CB80710007B9EB4 /* ViewController.swift */; };
		1403E3911CB80710007B9EB4 /* Main.storyboard in Resources */ = {isa = PBXBuildFile; fileRef = 1403E38F1CB80710007B9EB4 /* Main.storyboard */; };
		1403E3931CB80710007B9EB4 /* Assets.xcassets in Resources */ = {isa = PBXBuildFile; fileRef = 1403E3921CB80710007B9EB4 /* Assets.xcassets */; };
		1403E3961CB80710007B9EB4 /* LaunchScreen.storyboard in Resources */ = {isa = PBXBuildFile; fileRef = 1403E3941CB80710007B9EB4 /* LaunchScreen.storyboard */; };
		1403E3A11CB80711007B9EB4 /* SuperCoolTests.swift in Sources */ = {isa = PBXBuildFile; fileRef = 1403E3A01CB80711007B9EB4 /* SuperCoolTests.swift */; };
		1403E3AC1CB80711007B9EB4 /* SuperCoolUITests.swift in Sources */ = {isa = PBXBuildFile; fileRef = 1403E3AB1CB80711007B9EB4 /* SuperCoolUITests.swift */; };
/* End PBXBuildFile section */

/* Begin PBXContainerItemProxy section */
		1403E39D1CB80711007B9EB4 /* PBXContainerItemProxy */ = {
			isa = PBXContainerItemProxy;
			containerPortal = 1403E3801CB80710007B9EB4 /* Project object */;
			proxyType = 1;
			remoteGlobalIDString = 1403E3871CB80710007B9EB4;
			remoteInfo = SuperCool;
		};
		1403E3A81CB80711007B9EB4 /* PBXContainerItemProxy */ = {
			isa = PBXContainerItemProxy;
			containerPortal = 1403E3801CB80710007B9EB4 /* Project object */;
			proxyType = 1;
			remoteGlobalIDString = 1403E3871CB80710007B9EB4;
			remoteInfo = SuperCool;
		};
/* End PBXContainerItemProxy section */

/* Begin PBXFileReference section */
		1403E3881CB80710007B9EB4 /* SuperCool.app */ = {isa = PBXFileReference; explicitFileType = wrapper.application; includeInIndex = 0; path = SuperCool.app; sourceTree = BUILT_PRODUCTS_DIR; };
		1403E38B1CB80710007B9EB4 /* AppDelegate.swift */ = {isa = PBXFileReference; lastKnownFileType = sourcecode.swift; path = AppDelegate.swift; sourceTree = "<group>"; };
		1403E38D1CB80710007B9EB4 /* ViewController.swift */ = {isa = PBXFileReference; lastKnownFileType = sourcecode.swift; path = ViewController.swift; sourceTree = "<group>"; };
		1403E3901CB80710007B9EB4 /* Base */ = {isa = PBXFileReference; lastKnownFileType = file.storyboard; name = Base; path = Base.lproj/Main.storyboard; sourceTree = "<group>"; };
		1403E3921CB80710007B9EB4 /* Assets.xcassets */ = {isa = PBXFileReference; lastKnownFileType = folder.assetcatalog; path = Assets.xcassets; sourceTree = "<group>"; };
		1403E3951CB80710007B9EB4 /* Base */ = {isa = PBXFileReference; lastKnownFileType = file.storyboard; name = Base; path = Base.lproj/LaunchScreen.storyboard; sourceTree = "<group>"; };
		1403E3971CB80710007B9EB4 /* Info.plist */ = {isa = PBXFileReference; lastKnownFileType = text.plist.xml; path = Info.plist; sourceTree = "<group>"; };
		1403E39C1CB80711007B9EB4 /* SuperCoolTests.xctest */ = {isa = PBXFileReference; explicitFileType = wrapper.cfbundle; includeInIndex = 0; path = SuperCoolTests.xctest; sourceTree = BUILT_PRODUCTS_DIR; };
		1403E3A01CB80711007B9EB4 /* SuperCoolTests.swift */ = {isa = PBXFileReference; lastKnownFileType = sourcecode.swift; path = SuperCoolTests.swift; sourceTree = "<group>"; };
		1403E3A21CB80711007B9EB4 /* Info.plist */ = {isa = PBXFileReference; lastKnownFileType = text.plist.xml; path = Info.plist; sourceTree = "<group>"; };
		1403E3A71CB80711007B9EB4 /* SuperCoolUITests.xctest */ = {isa = PBXFileReference; explicitFileType = wrapper.cfbundle; includeInIndex = 0; path = SuperCoolUITests.xctest; sourceTree = BUILT_PRODUCTS_DIR; };
		1403E3AB1CB80711007B9EB4 /* SuperCoolUITests.swift */ = {isa = PBXFileReference; lastKnownFileType = sourcecode.swift; path = SuperCoolUITests.swift; sourceTree = "<group>"; };
		1403E3AD1CB80711007B9EB4 /* Info.plist */ = {isa = PBXFileReference; lastKnownFileType = text.plist.xml; path = Info.plist; sourceTree = "<group>"; };
/* End PBXFileReference section */

/* Begin PBXFrameworksBuildPhase section */
		1403E3851CB80710007B9EB4 /* Frameworks */ = {
			isa = PBXFrameworksBuildPhase;
			buildActionMask = 2147483647;
			files = (
			);
			runOnlyForDeploymentPostprocessing = 0;
		};
		1403E3991CB80711007B9EB4 /* Frameworks */ = {
			isa = PBXFrameworksBuildPhase;
			buildActionMask = 2147483647;
			files = (
			);
			runOnlyForDeploymentPostprocessing = 0;
		};
		1403E3A41CB80711007B9EB4 /* Frameworks */ = {
			isa = PBXFrameworksBuildPhase;
			buildActionMask = 2147483647;
			files = (
			);
			runOnlyForDeploymentPostprocessing = 0;
		};
/* End PBXFrameworksBuildPhase section */

/* Begin PBXGroup section */
		1403E37F1CB80710007B9EB4 = {
			isa = PBXGroup;
			children = (
				1403E38A1CB80710007B9EB4 /* SuperCool */,
				1403E39F1CB80711007B9EB4 /* SuperCoolTests */,
				1403E3AA1CB80711007B9EB4 /* SuperCoolUITests */,
				1403E3891CB80710007B9EB4 /* Products */,
			);
			sourceTree = "<group>";
		};
		1403E3891CB80710007B9EB4 /* Products */ = {
			isa = PBXGroup;
			children = (
				1403E3881CB80710007B9EB4 /* SuperCool.app */,
				1403E39C1CB80711007B9EB4 /* SuperCoolTests.xctest */,
				1403E3A71CB80711007B9EB4 /* SuperCoolUITests.xctest */,
			);
			name = Products;
			sourceTree = "<group>";
		};
		1403E38A1CB80710007B9EB4 /* SuperCool */ = {
			isa = PBXGroup;
			children = (
				1403E38B1CB80710007B9EB4 /* AppDelegate.swift */,
				1403E38D1CB80710007B9EB4 /* ViewController.swift */,
				1403E38F1CB80710007B9EB4 /* Main.storyboard */,
				1403E3921CB80710007B9EB4 /* Assets.xcassets */,
				1403E3941CB80710007B9EB4 /* LaunchScreen.storyboard */,
				1403E3971CB80710007B9EB4 /* Info.plist */,
			);
			path = SuperCool;
			sourceTree = "<group>";
		};
		1403E39F1CB80711007B9EB4 /* SuperCoolTests */ = {
			isa = PBXGroup;
			children = (
				1403E3A01CB80711007B9EB4 /* SuperCoolTests.swift */,
				1403E3A21CB80711007B9EB4 /* Info.plist */,
			);
			path = SuperCoolTests;
			sourceTree = "<group>";
		};
		1403E3AA1CB80711007B9EB4 /* SuperCoolUITests */ = {
			isa = PBXGroup;
			children = (
				1403E3AB1CB80711007B9EB4 /* SuperCoolUITests.swift */,
				1403E3AD1CB80711007B9EB4 /* Info.plist */,
			);
			path = SuperCoolUITests;
			sourceTree = "<group>";
		};
/* End PBXGroup section */

/* Begin PBXNativeTarget section */
		1403E3871CB80710007B9EB4 /* SuperCool */ = {
			isa = PBXNativeTarget;
			buildConfigurationList = 1403E3B01CB80711007B9EB4 /* Build configuration list for PBXNativeTarget "SuperCool" */;
			buildPhases = (
				1403E3841CB80710007B9EB4 /* Sources */,
				1403E3851CB80710007B9EB4 /* Frameworks */,
				1403E3861CB80710007B9EB4 /* Resources */,
			);
			buildRules = (
			);
			dependencies = (
			);
			name = SuperCool;
			productName = SuperCool;
			productReference = 1403E3881CB80710007B9EB4 /* SuperCool.app */;
			productType = "com.apple.product-type.application";
		};
		1403E39B1CB80711007B9EB4 /* SuperCoolTests */ = {
			isa = PBXNativeTarget;
			buildConfigurationList = 1403E3B31CB80711007B9EB4 /* Build configuration list for PBXNativeTarget "SuperCoolTests" */;
			buildPhases = (
				1403E3981CB80711007B9EB4 /* Sources */,
				1403E3991CB80711007B9EB4 /* Frameworks */,
				1403E39A1CB80711007B9EB4 /* Resources */,
			);
			buildRules = (
			);
			dependencies = (
				1403E39E1CB80711007B9EB4 /* PBXTargetDependency */,
			);
			name = SuperCoolTests;
			productName = SuperCoolTests;
			productReference = 1403E39C1CB80711007B9EB4 /* SuperCoolTests.xctest */;
			productType = "com.apple.product-type.bundle.unit-test";
		};
		1403E3A61CB80711007B9EB4 /* SuperCoolUITests */ = {
			isa = PBXNativeTarget;
			buildConfigurationList = 1403E3B61CB80711007B9EB4 /* Build configuration list for PBXNativeTarget "SuperCoolUITests" */;
			buildPhases = (
				1403E3A31CB80711007B9EB4 /* Sources */,
				1403E3A41CB80711007B9EB4 /* Frameworks */,
				1403E3A51CB80711007B9EB4 /* Resources */,
			);
			buildRules = (
			);
			dependencies = (
				1403E3A91CB80711007B9EB4 /* PBXTargetDependency */,
			);
			name = SuperCoolUITests;
			productName = SuperCoolUITests;
			productReference = 1403E3A71CB80711007B9EB4 /* SuperCoolUITests.xctest */;
			productType = "com.apple.product-type.bundle.ui-testing";
		};
/* End PBXNativeTarget section */

/* Begin PBXProject section */
		1403E3801CB80710007B9EB4 /* Project object */ = {
			isa = PBXProject;
			attributes = {
				LastSwiftUpdateCheck = 0730;
				LastUpgradeCheck = 0730;
				ORGANIZATIONNAME = "Edmund Chang";
				TargetAttributes = {
					1403E3871CB80710007B9EB4 = {
						CreatedOnToolsVersion = 7.3;
					};
					1403E39B1CB80711007B9EB4 = {
						CreatedOnToolsVersion = 7.3;
						TestTargetID = 1403E3871CB80710007B9EB4;
					};
					1403E3A61CB80711007B9EB4 = {
						CreatedOnToolsVersion = 7.3;
						TestTargetID = 1403E3871CB80710007B9EB4;
					};
				};
			};
			buildConfigurationList = 1403E3831CB80710007B9EB4 /* Build configuration list for PBXProject "SuperCool" */;
			compatibilityVersion = "Xcode 3.2";
			developmentRegion = English;
			hasScannedForEncodings = 0;
			knownRegions = (
				en,
				Base,
			);
			mainGroup = 1403E37F1CB80710007B9EB4;
			productRefGroup = 1403E3891CB80710007B9EB4 /* Products */;
			projectDirPath = "";
			projectRoot = "";
			targets = (
				1403E3871CB80710007B9EB4 /* SuperCool */,
				1403E39B1CB80711007B9EB4 /* SuperCoolTests */,
				1403E3A61CB80711007B9EB4 /* SuperCoolUITests */,
			);
		};
/* End PBXProject section */

/* Begin PBXResourcesBuildPhase section */
		1403E3861CB80710007B9EB4 /* Resources */ = {
			isa = PBXResourcesBuildPhase;
			buildActionMask = 2147483647;
			files = (
				1403E3961CB80710007B9EB4 /* LaunchScreen.storyboard in Resources */,
				1403E3931CB80710007B9EB4 /* Assets.xcassets in Resources */,
				1403E3911CB80710007B9EB4 /* Main.storyboard in Resources */,
			);
			runOnlyForDeploymentPostprocessing = 0;
		};
		1403E39A1CB80711007B9EB4 /* Resources */ = {
			isa = PBXResourcesBuildPhase;
			buildActionMask = 2147483647;
			files = (
			);
			runOnlyForDeploymentPostprocessing = 0;
		};
		1403E3A51CB80711007B9EB4 /* Resources */ = {
			isa = PBXResourcesBuildPhase;
			buildActionMask = 2147483647;
			files = (
			);
			runOnlyForDeploymentPostprocessing = 0;
		};
/* End PBXResourcesBuildPhase section */

/* Begin PBXSourcesBuildPhase section */
		1403E3841CB80710007B9EB4 /* Sources */ = {
			isa = PBXSourcesBuildPhase;
			buildActionMask = 2147483647;
			files = (
				1403E38E1CB80710007B9EB4 /* ViewController.swift in Sources */,
				1403E38C1CB80710007B9EB4 /* AppDelegate.swift in Sources */,
			);
			runOnlyForDeploymentPostprocessing = 0;
		};
		1403E3981CB80711007B9EB4 /* Sources */ = {
			isa = PBXSourcesBuildPhase;
			buildActionMask = 2147483647;
			files = (
				1403E3A11CB80711007B9EB4 /* SuperCoolTests.swift in Sources */,
			);
			runOnlyForDeploymentPostprocessing = 0;
		};
		1403E3A31CB80711007B9EB4 /* Sources */ = {
			isa = PBXSourcesBuildPhase;
			buildActionMask = 2147483647;
			files = (
				1403E3AC1CB80711007B9EB4 /* SuperCoolUITests.swift in Sources */,
			);
			runOnlyForDeploymentPostprocessing = 0;
		};
/* End PBXSourcesBuildPhase section */

/* Begin PBXTargetDependency section */
		1403E39E1CB80711007B9EB4 /* PBXTargetDependency */ = {
			isa = PBXTargetDependency;
			target = 1403E3871CB80710007B9EB4 /* SuperCool */;
			targetProxy = 1403E39D1CB80711007B9EB4 /* PBXContainerItemProxy */;
		};
		1403E3A91CB80711007B9EB4 /* PBXTargetDependency */ = {
			isa = PBXTargetDependency;
			target = 1403E3871CB80710007B9EB4 /* SuperCool */;
			targetProxy = 1403E3A81CB80711007B9EB4 /* PBXContainerItemProxy */;
		};
/* End PBXTargetDependency section */

/* Begin PBXVariantGroup section */
		1403E38F1CB80710007B9EB4 /* Main.storyboard */ = {
			isa = PBXVariantGroup;
			children = (
				1403E3901CB80710007B9EB4 /* Base */,
			);
			name = Main.storyboard;
			sourceTree = "<group>";
		};
		1403E3941CB80710007B9EB4 /* LaunchScreen.storyboard */ = {
			isa = PBXVariantGroup;
			children = (
				1403E3951CB80710007B9EB4 /* Base */,
			);
			name = LaunchScreen.storyboard;
			sourceTree = "<group>";
		};
/* End PBXVariantGroup section */

/* Begin XCBuildConfiguration section */
		1403E3AE1CB80711007B9EB4 /* Debug */ = {
			isa = XCBuildConfiguration;
			buildSettings = {
				ALWAYS_SEARCH_USER_PATHS = NO;
				CLANG_ANALYZER_NONNULL = YES;
				CLANG_CXX_LANGUAGE_STANDARD = "gnu++0x";
				CLANG_CXX_LIBRARY = "libc++";
				CLANG_ENABLE_MODULES = YES;
				CLANG_ENABLE_OBJC_ARC = YES;
				CLANG_WARN_BOOL_CONVERSION = YES;
				CLANG_WARN_CONSTANT_CONVERSION = YES;
				CLANG_WARN_DIRECT_OBJC_ISA_USAGE = YES_ERROR;
				CLANG_WARN_EMPTY_BODY = YES;
				CLANG_WARN_ENUM_CONVERSION = YES;
				CLANG_WARN_INT_CONVERSION = YES;
				CLANG_WARN_OBJC_ROOT_CLASS = YES_ERROR;
				CLANG_WARN_UNREACHABLE_CODE = YES;
				CLANG_WARN__DUPLICATE_METHOD_MATCH = YES;
				"CODE_SIGN_IDENTITY[sdk=iphoneos*]" = "iPhone Developer";
				COPY_PHASE_STRIP = NO;
				DEBUG_INFORMATION_FORMAT = dwarf;
				ENABLE_STRICT_OBJC_MSGSEND = YES;
				ENABLE_TESTABILITY = YES;
				GCC_C_LANGUAGE_STANDARD = gnu99;
				GCC_DYNAMIC_NO_PIC = NO;
				GCC_NO_COMMON_BLOCKS = YES;
				GCC_OPTIMIZATION_LEVEL = 0;
				GCC_PREPROCESSOR_DEFINITIONS = (
					"DEBUG=1",
					"$(inherited)",
				);
				GCC_WARN_64_TO_32_BIT_CONVERSION = YES;
				GCC_WARN_ABOUT_RETURN_TYPE = YES_ERROR;
				GCC_WARN_UNDECLARED_SELECTOR = YES;
				GCC_WARN_UNINITIALIZED_AUTOS = YES_AGGRESSIVE;
				GCC_WARN_UNUSED_FUNCTION = YES;
				GCC_WARN_UNUSED_VARIABLE = YES;
				IPHONEOS_DEPLOYMENT_TARGET = 9.3;
				MTL_ENABLE_DEBUG_INFO = YES;
				ONLY_ACTIVE_ARCH = YES;
				SDKROOT = iphoneos;
				SWIFT_OPTIMIZATION_LEVEL = "-Onone";
			};
			name = Debug;
		};
		1403E3AF1CB80711007B9EB4 /* Release */ = {
			isa = XCBuildConfiguration;
			buildSettings = {
				ALWAYS_SEARCH_USER_PATHS = NO;
				CLANG_ANALYZER_NONNULL = YES;
				CLANG_CXX_LANGUAGE_STANDARD = "gnu++0x";
				CLANG_CXX_LIBRARY = "libc++";
				CLANG_ENABLE_MODULES = YES;
				CLANG_ENABLE_OBJC_ARC = YES;
				CLANG_WARN_BOOL_CONVERSION = YES;
				CLANG_WARN_CONSTANT_CONVERSION = YES;
				CLANG_WARN_DIRECT_OBJC_ISA_USAGE = YES_ERROR;
				CLANG_WARN_EMPTY_BODY = YES;
				CLANG_WARN_ENUM_CONVERSION = YES;
				CLANG_WARN_INT_CONVERSION = YES;
				CLANG_WARN_OBJC_ROOT_CLASS = YES_ERROR;
				CLANG_WARN_UNREACHABLE_CODE = YES;
				CLANG_WARN__DUPLICATE_METHOD_MATCH = YES;
				"CODE_SIGN_IDENTITY[sdk=iphoneos*]" = "iPhone Developer";
				COPY_PHASE_STRIP = NO;
				DEBUG_INFORMATION_FORMAT = "dwarf-with-dsym";
				ENABLE_NS_ASSERTIONS = NO;
				ENABLE_STRICT_OBJC_MSGSEND = YES;
				GCC_C_LANGUAGE_STANDARD = gnu99;
				GCC_NO_COMMON_BLOCKS = YES;
				GCC_WARN_64_TO_32_BIT_CONVERSION = YES;
				GCC_WARN_ABOUT_RETURN_TYPE = YES_ERROR;
				GCC_WARN_UNDECLARED_SELECTOR = YES;
				GCC_WARN_UNINITIALIZED_AUTOS = YES_AGGRESSIVE;
				GCC_WARN_UNUSED_FUNCTION = YES;
				GCC_WARN_UNUSED_VARIABLE = YES;
				IPHONEOS_DEPLOYMENT_TARGET = 9.3;
				MTL_ENABLE_DEBUG_INFO = NO;
				SDKROOT = iphoneos;
				VALIDATE_PRODUCT = YES;
			};
			name = Release;
		};
		1403E3B11CB80711007B9EB4 /* Debug */ = {
			isa = XCBuildConfiguration;
			buildSettings = {
				ASSETCATALOG_COMPILER_APPICON_NAME = AppIcon;
				INFOPLIST_FILE = SuperCool/Info.plist;
				LD_RUNPATH_SEARCH_PATHS = "$(inherited) @executable_path/Frameworks";
				PRODUCT_BUNDLE_IDENTIFIER = com.Edison.SuperCool;
				PRODUCT_NAME = "$(TARGET_NAME)";
			};
			name = Debug;
		};
		1403E3B21CB80711007B9EB4 /* Release */ = {
			isa = XCBuildConfiguration;
			buildSettings = {
				ASSETCATALOG_COMPILER_APPICON_NAME = AppIcon;
				INFOPLIST_FILE = SuperCool/Info.plist;
				LD_RUNPATH_SEARCH_PATHS = "$(inherited) @executable_path/Frameworks";
				PRODUCT_BUNDLE_IDENTIFIER = com.Edison.SuperCool;
				PRODUCT_NAME = "$(TARGET_NAME)";
			};
			name = Release;
		};
		1403E3B41CB80711007B9EB4 /* Debug */ = {
			isa = XCBuildConfiguration;
			buildSettings = {
				BUNDLE_LOADER = "$(TEST_HOST)";
				INFOPLIST_FILE = SuperCoolTests/Info.plist;
				LD_RUNPATH_SEARCH_PATHS = "$(inherited) @executable_path/Frameworks @loader_path/Frameworks";
				PRODUCT_BUNDLE_IDENTIFIER = com.Edison.SuperCoolTests;
				PRODUCT_NAME = "$(TARGET_NAME)";
				TEST_HOST = "$(BUILT_PRODUCTS_DIR)/SuperCool.app/SuperCool";
			};
			name = Debug;
		};
		1403E3B51CB80711007B9EB4 /* Release */ = {
			isa = XCBuildConfiguration;
			buildSettings = {
				BUNDLE_LOADER = "$(TEST_HOST)";
				INFOPLIST_FILE = SuperCoolTests/Info.plist;
				LD_RUNPATH_SEARCH_PATHS = "$(inherited) @executable_path/Frameworks @loader_path/Frameworks";
				PRODUCT_BUNDLE_IDENTIFIER = com.Edison.SuperCoolTests;
				PRODUCT_NAME = "$(TARGET_NAME)";
				TEST_HOST = "$(BUILT_PRODUCTS_DIR)/SuperCool.app/SuperCool";
			};
			name = Release;
		};
		1403E3B71CB80711007B9EB4 /* Debug */ = {
			isa = XCBuildConfiguration;
			buildSettings = {
				INFOPLIST_FILE = SuperCoolUITests/Info.plist;
				LD_RUNPATH_SEARCH_PATHS = "$(inherited) @executable_path/Frameworks @loader_path/Frameworks";
				PRODUCT_BUNDLE_IDENTIFIER = com.Edison.SuperCoolUITests;
				PRODUCT_NAME = "$(TARGET_NAME)";
				TEST_TARGET_NAME = SuperCool;
			};
			name = Debug;
		};
		1403E3B81CB80711007B9EB4 /* Release */ = {
			isa = XCBuildConfiguration;
			buildSettings = {
				INFOPLIST_FILE = SuperCoolUITests/Info.plist;
				LD_RUNPATH_SEARCH_PATHS = "$(inherited) @executable_path/Frameworks @loader_path/Frameworks";
				PRODUCT_BUNDLE_IDENTIFIER = com.Edison.SuperCoolUITests;
				PRODUCT_NAME = "$(TARGET_NAME)";
				TEST_TARGET_NAME = SuperCool;
			};
			name = Release;
		};
/* End XCBuildConfiguration section */

/* Begin XCConfigurationList section */
		1403E3831CB80710007B9EB4 /* Build configuration list for PBXProject "SuperCool" */ = {
			isa = XCConfigurationList;
			buildConfigurations = (
				1403E3AE1CB80711007B9EB4 /* Debug */,
				1403E3AF1CB80711007B9EB4 /* Release */,
			);
			defaultConfigurationIsVisible = 0;
			defaultConfigurationName = Release;
		};
		1403E3B01CB80711007B9EB4 /* Build configuration list for PBXNativeTarget "SuperCool" */ = {
			isa = XCConfigurationList;
			buildConfigurations = (
				1403E3B11CB80711007B9EB4 /* Debug */,
				1403E3B21CB80711007B9EB4 /* Release */,
			);
			defaultConfigurationIsVisible = 0;
		};
		1403E3B31CB80711007B9EB4 /* Build configuration list for PBXNativeTarget "SuperCoolTests" */ = {
			isa = XCConfigurationList;
			buildConfigurations = (
				1403E3B41CB80711007B9EB4 /* Debug */,
				1403E3B51CB80711007B9EB4 /* Release */,
			);
			defaultConfigurationIsVisible = 0;
		};
		1403E3B61CB80711007B9EB4 /* Build configuration list for PBXNativeTarget "SuperCoolUITests" */ = {
			isa = XCConfigurationList;
			buildConfigurations = (
				1403E3B71CB80711007B9EB4 /* Debug */,
				1403E3B81CB80711007B9EB4 /* Release */,
			);
			defaultConfigurationIsVisible = 0;
		};
/* End XCConfigurationList section */
	};
	rootObject = 1403E3801CB80710007B9EB4 /* Project object */;
}
